
Microsoft Visual Studio Solution File, Format Version 12.00
# Visual Studio Version 17
VisualStudioVersion = 17.0.31903.59
MinimumVisualStudioVersion = 10.0.40219.1
Project("{2150E333-8FDC-42A3-9474-1A3956D46DE8}") = "src", "src", "{827E0CD3-B72D-47B6-A68D-7590B98EB39B}"
EndProject
Project("{FAE04EC0-301F-11D3-BF4B-00C04F79EFBC}") = "ECommerce.API", "src\ECommerce.API\ECommerce.API.csproj", "{DCB91922-C290-487F-9883-408255E3DB0B}"
EndProject
Project("{FAE04EC0-301F-11D3-BF4B-00C04F79EFBC}") = "ECommerce.Application", "src\ECommerce.Application\ECommerce.Application.csproj", "{00893811-C74A-4BCE-B745-A901A117FF65}"
EndProject
Project("{FAE04EC0-301F-11D3-BF4B-00C04F79EFBC}") = "ECommerce.Domain", "src\ECommerce.Domain\ECommerce.Domain.csproj", "{2DDCF729-C60B-425B-A173-2F70EEE4B4E5}"
EndProject
Project("{FAE04EC0-301F-11D3-BF4B-00C04F79EFBC}") = "ECommerce.Persistence", "src\ECommerce.Persistence\ECommerce.Persistence.csproj", "{B4F497EC-663D-4F1D-96AD-9622A185A9C4}"
EndProject
Project("{FAE04EC0-301F-11D3-BF4B-00C04F79EFBC}") = "ECommerce.Infrastructure", "src\ECommerce.Infrastructure\ECommerce.Infrastructure.csproj", "{753C1E9D-D0FA-49B8-BE43-C4909A5DF7BB}"
EndProject
Project("{2150E333-8FDC-42A3-9474-1A3956D46DE8}") = "tests", "tests", "{0AB3BF05-4346-4AA6-1389-037BE0695223}"
EndProject
Project("{FAE04EC0-301F-11D3-BF4B-00C04F79EFBC}") = "ECommerce.UnitTests", "tests\ECommerce.UnitTests\ECommerce.UnitTests.csproj", "{BE0A22F0-8922-46FD-941E-BB9FFA8C0850}"
EndProject
Project("{FAE04EC0-301F-11D3-BF4B-00C04F79EFBC}") = "ECommerce.IntegrationTests", "tests\ECommerce.IntegrationTests\ECommerce.IntegrationTests.csproj", "{194823EE-2833-4019-9760-F529EDD3BFA7}"
EndProject
Project("{2150E333-8FDC-42A3-9474-1A3956D46DE8}") = "benchmarks", "benchmarks", "{58C6C383-C861-468B-986D-E7997674E2DC}"
EndProject
Project("{FAE04EC0-301F-11D3-BF4B-00C04F79EFBC}") = "ECommerce.Benchmarks", "benchmarks\ECommerce.Benchmarks\ECommerce.Benchmarks.csproj", "{0B11BB42-A3F4-49DF-90C8-216C13E933C4}"
EndProject
Global
	GlobalSection(SolutionConfigurationPlatforms) = preSolution
		Debug|Any CPU = Debug|Any CPU
		Debug|x64 = Debug|x64
		Debug|x86 = Debug|x86
		Release|Any CPU = Release|Any CPU
		Release|x64 = Release|x64
		Release|x86 = Release|x86
	EndGlobalSection
	GlobalSection(ProjectConfigurationPlatforms) = postSolution
		{DCB91922-C290-487F-9883-408255E3DB0B}.Debug|Any CPU.ActiveCfg = Debug|Any CPU
		{DCB91922-C290-487F-9883-408255E3DB0B}.Debug|Any CPU.Build.0 = Debug|Any CPU
		{DCB91922-C290-487F-9883-408255E3DB0B}.Debug|x64.ActiveCfg = Debug|Any CPU
		{DCB91922-C290-487F-9883-408255E3DB0B}.Debug|x64.Build.0 = Debug|Any CPU
		{DCB91922-C290-487F-9883-408255E3DB0B}.Debug|x86.ActiveCfg = Debug|Any CPU
		{DCB91922-C290-487F-9883-408255E3DB0B}.Debug|x86.Build.0 = Debug|Any CPU
		{DCB91922-C290-487F-9883-408255E3DB0B}.Release|Any CPU.ActiveCfg = Release|Any CPU
		{DCB91922-C290-487F-9883-408255E3DB0B}.Release|Any CPU.Build.0 = Release|Any CPU
		{DCB91922-C290-487F-9883-408255E3DB0B}.Release|x64.ActiveCfg = Release|Any CPU
		{DCB91922-C290-487F-9883-408255E3DB0B}.Release|x64.Build.0 = Release|Any CPU
		{DCB91922-C290-487F-9883-408255E3DB0B}.Release|x86.ActiveCfg = Release|Any CPU
		{DCB91922-C290-487F-9883-408255E3DB0B}.Release|x86.Build.0 = Release|Any CPU
		{00893811-C74A-4BCE-B745-A901A117FF65}.Debug|Any CPU.ActiveCfg = Debug|Any CPU
		{00893811-C74A-4BCE-B745-A901A117FF65}.Debug|Any CPU.Build.0 = Debug|Any CPU
		{00893811-C74A-4BCE-B745-A901A117FF65}.Debug|x64.ActiveCfg = Debug|Any CPU
		{00893811-C74A-4BCE-B745-A901A117FF65}.Debug|x64.Build.0 = Debug|Any CPU
		{00893811-C74A-4BCE-B745-A901A117FF65}.Debug|x86.ActiveCfg = Debug|Any CPU
		{00893811-C74A-4BCE-B745-A901A117FF65}.Debug|x86.Build.0 = Debug|Any CPU
		{00893811-C74A-4BCE-B745-A901A117FF65}.Release|Any CPU.ActiveCfg = Release|Any CPU
		{00893811-C74A-4BCE-B745-A901A117FF65}.Release|Any CPU.Build.0 = Release|Any CPU
		{00893811-C74A-4BCE-B745-A901A117FF65}.Release|x64.ActiveCfg = Release|Any CPU
		{00893811-C74A-4BCE-B745-A901A117FF65}.Release|x64.Build.0 = Release|Any CPU
		{00893811-C74A-4BCE-B745-A901A117FF65}.Release|x86.ActiveCfg = Release|Any CPU
		{00893811-C74A-4BCE-B745-A901A117FF65}.Release|x86.Build.0 = Release|Any CPU
		{2DDCF729-C60B-425B-A173-2F70EEE4B4E5}.Debug|Any CPU.ActiveCfg = Debug|Any CPU
		{2DDCF729-C60B-425B-A173-2F70EEE4B4E5}.Debug|Any CPU.Build.0 = Debug|Any CPU
		{2DDCF729-C60B-425B-A173-2F70EEE4B4E5}.Debug|x64.ActiveCfg = Debug|Any CPU
		{2DDCF729-C60B-425B-A173-2F70EEE4B4E5}.Debug|x64.Build.0 = Debug|Any CPU
		{2DDCF729-C60B-425B-A173-2F70EEE4B4E5}.Debug|x86.ActiveCfg = Debug|Any CPU
		{2DDCF729-C60B-425B-A173-2F70EEE4B4E5}.Debug|x86.Build.0 = Debug|Any CPU
		{2DDCF729-C60B-425B-A173-2F70EEE4B4E5}.Release|Any CPU.ActiveCfg = Release|Any CPU
		{2DDCF729-C60B-425B-A173-2F70EEE4B4E5}.Release|Any CPU.Build.0 = Release|Any CPU
		{2DDCF729-C60B-425B-A173-2F70EEE4B4E5}.Release|x64.ActiveCfg = Release|Any CPU
		{2DDCF729-C60B-425B-A173-2F70EEE4B4E5}.Release|x64.Build.0 = Release|Any CPU
		{2DDCF729-C60B-425B-A173-2F70EEE4B4E5}.Release|x86.ActiveCfg = Release|Any CPU
		{2DDCF729-C60B-425B-A173-2F70EEE4B4E5}.Release|x86.Build.0 = Release|Any CPU
		{B4F497EC-663D-4F1D-96AD-9622A185A9C4}.Debug|Any CPU.ActiveCfg = Debug|Any CPU
		{B4F497EC-663D-4F1D-96AD-9622A185A9C4}.Debug|Any CPU.Build.0 = Debug|Any CPU
		{B4F497EC-663D-4F1D-96AD-9622A185A9C4}.Debug|x64.ActiveCfg = Debug|Any CPU
		{B4F497EC-663D-4F1D-96AD-9622A185A9C4}.Debug|x64.Build.0 = Debug|Any CPU
		{B4F497EC-663D-4F1D-96AD-9622A185A9C4}.Debug|x86.ActiveCfg = Debug|Any CPU
		{B4F497EC-663D-4F1D-96AD-9622A185A9C4}.Debug|x86.Build.0 = Debug|Any CPU
		{B4F497EC-663D-4F1D-96AD-9622A185A9C4}.Release|Any CPU.ActiveCfg = Release|Any CPU
		{B4F497EC-663D-4F1D-96AD-9622A185A9C4}.Release|Any CPU.Build.0 = Release|Any CPU
		{B4F497EC-663D-4F1D-96AD-9622A185A9C4}.Release|x64.ActiveCfg = Release|Any CPU
		{B4F497EC-663D-4F1D-96AD-9622A185A9C4}.Release|x64.Build.0 = Release|Any CPU
		{B4F497EC-663D-4F1D-96AD-9622A185A9C4}.Release|x86.ActiveCfg = Release|Any CPU
		{B4F497EC-663D-4F1D-96AD-9622A185A9C4}.Release|x86.Build.0 = Release|Any CPU
		{753C1E9D-D0FA-49B8-BE43-C4909A5DF7BB}.Debug|Any CPU.ActiveCfg = Debug|Any CPU
		{753C1E9D-D0FA-49B8-BE43-C4909A5DF7BB}.Debug|Any CPU.Build.0 = Debug|Any CPU
		{753C1E9D-D0FA-49B8-BE43-C4909A5DF7BB}.Debug|x64.ActiveCfg = Debug|Any CPU
		{753C1E9D-D0FA-49B8-BE43-C4909A5DF7BB}.Debug|x64.Build.0 = Debug|Any CPU
		{753C1E9D-D0FA-49B8-BE43-C4909A5DF7BB}.Debug|x86.ActiveCfg = Debug|Any CPU
		{753C1E9D-D0FA-49B8-BE43-C4909A5DF7BB}.Debug|x86.Build.0 = Debug|Any CPU
		{753C1E9D-D0FA-49B8-BE43-C4909A5DF7BB}.Release|Any CPU.ActiveCfg = Release|Any CPU
		{753C1E9D-D0FA-49B8-BE43-C4909A5DF7BB}.Release|Any CPU.Build.0 = Release|Any CPU
		{753C1E9D-D0FA-49B8-BE43-C4909A5DF7BB}.Release|x64.ActiveCfg = Release|Any CPU
		{753C1E9D-D0FA-49B8-BE43-C4909A5DF7BB}.Release|x64.Build.0 = Release|Any CPU
		{753C1E9D-D0FA-49B8-BE43-C4909A5DF7BB}.Release|x86.ActiveCfg = Release|Any CPU
		{753C1E9D-D0FA-49B8-BE43-C4909A5DF7BB}.Release|x86.Build.0 = Release|Any CPU
		{BE0A22F0-8922-46FD-941E-BB9FFA8C0850}.Debug|Any CPU.ActiveCfg = Debug|Any CPU
		{BE0A22F0-8922-46FD-941E-BB9FFA8C0850}.Debug|Any CPU.Build.0 = Debug|Any CPU
		{BE0A22F0-8922-46FD-941E-BB9FFA8C0850}.Debug|x64.ActiveCfg = Debug|Any CPU
		{BE0A22F0-8922-46FD-941E-BB9FFA8C0850}.Debug|x64.Build.0 = Debug|Any CPU
		{BE0A22F0-8922-46FD-941E-BB9FFA8C0850}.Debug|x86.ActiveCfg = Debug|Any CPU
		{BE0A22F0-8922-46FD-941E-BB9FFA8C0850}.Debug|x86.Build.0 = Debug|Any CPU
		{BE0A22F0-8922-46FD-941E-BB9FFA8C0850}.Release|Any CPU.ActiveCfg = Release|Any CPU
		{BE0A22F0-8922-46FD-941E-BB9FFA8C0850}.Release|Any CPU.Build.0 = Release|Any CPU
		{BE0A22F0-8922-46FD-941E-BB9FFA8C0850}.Release|x64.ActiveCfg = Release|Any CPU
		{BE0A22F0-8922-46FD-941E-BB9FFA8C0850}.Release|x64.Build.0 = Release|Any CPU
		{BE0A22F0-8922-46FD-941E-BB9FFA8C0850}.Release|x86.ActiveCfg = Release|Any CPU
		{BE0A22F0-8922-46FD-941E-BB9FFA8C0850}.Release|x86.Build.0 = Release|Any CPU
		{194823EE-2833-4019-9760-F529EDD3BFA7}.Debug|Any CPU.ActiveCfg = Debug|Any CPU
		{194823EE-2833-4019-9760-F529EDD3BFA7}.Debug|Any CPU.Build.0 = Debug|Any CPU
		{194823EE-2833-4019-9760-F529EDD3BFA7}.Debug|x64.ActiveCfg = Debug|Any CPU
		{194823EE-2833-4019-9760-F529EDD3BFA7}.Debug|x64.Build.0 = Debug|Any CPU
		{194823EE-2833-4019-9760-F529EDD3BFA7}.Debug|x86.ActiveCfg = Debug|Any CPU
		{194823EE-2833-4019-9760-F529EDD3BFA7}.Debug|x86.Build.0 = Debug|Any CPU
		{194823EE-2833-4019-9760-F529EDD3BFA7}.Release|Any CPU.ActiveCfg = Release|Any CPU
		{194823EE-2833-4019-9760-F529EDD3BFA7}.Release|Any CPU.Build.0 = Release|Any CPU
		{194823EE-2833-4019-9760-F529EDD3BFA7}.Release|x64.ActiveCfg = Release|Any CPU
		{194823EE-2833-4019-9760-F529EDD3BFA7}.Release|x64.Build.0 = Release|Any CPU
		{194823EE-2833-4019-9760-F529EDD3BFA7}.Release|x86.ActiveCfg = Release|Any CPU
		{194823EE-2833-4019-9760-F529EDD3BFA7}.Release|x86.Build.0 = Release|Any CPU
		{0B11BB42-A3F4-49DF-90C8-216C13E933C4}.Debug|Any CPU.ActiveCfg = Debug|Any CPU
		{0B11BB42-A3F4-49DF-90C8-216C13E933C4}.Debug|Any CPU.Build.0 = Debug|Any CPU
		{0B11BB42-A3F4-49DF-90C8-216C13E933C4}.Debug|x64.ActiveCfg = Debug|Any CPU
		{0B11BB42-A3F4-49DF-90C8-216C13E933C4}.Debug|x64.Build.0 = Debug|Any CPU
		{0B11BB42-A3F4-49DF-90C8-216C13E933C4}.Debug|x86.ActiveCfg = Debug|Any CPU
		{0B11BB42-A3F4-49DF-90C8-216C13E933C4}.Debug|x86.Build.0 = Debug|Any CPU
		{0B11BB42-A3F4-49DF-90C8-216C13E933C4}.Release|Any CPU.ActiveCfg = Release|Any CPU
		{0B11BB42-A3F4-49DF-90C8-216C13E933C4}.Release|Any CPU.Build.0 = Release|Any CPU
		{0B11BB42-A3F4-49DF-90C8-216C13E933C4}.Release|x64.ActiveCfg = Release|Any CPU
		{0B11BB42-A3F4-49DF-90C8-216C13E933C4}.Release|x64.Build.0 = Release|Any CPU
		{0B11BB42-A3F4-49DF-90C8-216C13E933C4}.Release|x86.ActiveCfg = Release|Any CPU
		{0B11BB42-A3F4-49DF-90C8-216C13E933C4}.Release|x86.Build.0 = Release|Any CPU
	EndGlobalSection
	GlobalSection(SolutionProperties) = preSolution
		HideSolutionNode = FALSE
	EndGlobalSection
	GlobalSection(NestedProjects) = preSolution
		{DCB91922-C290-487F-9883-408255E3DB0B} = {827E0CD3-B72D-47B6-A68D-7590B98EB39B}
		{00893811-C74A-4BCE-B745-A901A117FF65} = {827E0CD3-B72D-47B6-A68D-7590B98EB39B}
		{2DDCF729-C60B-425B-A173-2F70EEE4B4E5} = {827E0CD3-B72D-47B6-A68D-7590B98EB39B}
		{B4F497EC-663D-4F1D-96AD-9622A185A9C4} = {827E0CD3-B72D-47B6-A68D-7590B98EB39B}
		{753C1E9D-D0FA-49B8-BE43-C4909A5DF7BB} = {827E0CD3-B72D-47B6-A68D-7590B98EB39B}
		{BE0A22F0-8922-46FD-941E-BB9FFA8C0850} = {0AB3BF05-4346-4AA6-1389-037BE0695223}
		{194823EE-2833-4019-9760-F529EDD3BFA7} = {0AB3BF05-4346-4AA6-1389-037BE0695223}
		{0B11BB42-A3F4-49DF-90C8-216C13E933C4} = {58C6C383-C861-468B-986D-E7997674E2DC}
	EndGlobalSection
EndGlobal
